
Microsoft Visual Studio Solution File, Format Version 12.00
# Visual Studio Version 17
VisualStudioVersion = 17.7.34024.191
MinimumVisualStudioVersion = 10.0.40219.1
Project("{FAE04EC0-301F-11D3-BF4B-00C04F79EFBC}") = "TP qualité du vin", "TP qualité du vin\TP qualité du vin.csproj", "{AF81C8BC-19E0-454F-94B4-7D3E7003CAC2}"
EndProject
Global
	GlobalSection(SolutionConfigurationPlatforms) = preSolution
		Debug|Any CPU = Debug|Any CPU
		Release|Any CPU = Release|Any CPU
	EndGlobalSection
	GlobalSection(ProjectConfigurationPlatforms) = postSolution
		{AF81C8BC-19E0-454F-94B4-7D3E7003CAC2}.Debug|Any CPU.ActiveCfg = Debug|Any CPU
		{AF81C8BC-19E0-454F-94B4-7D3E7003CAC2}.Debug|Any CPU.Build.0 = Debug|Any CPU
		{AF81C8BC-19E0-454F-94B4-7D3E7003CAC2}.Release|Any CPU.ActiveCfg = Release|Any CPU
		{AF81C8BC-19E0-454F-94B4-7D3E7003CAC2}.Release|Any CPU.Build.0 = Release|Any CPU
	EndGlobalSection
	GlobalSection(SolutionProperties) = preSolution
		HideSolutionNode = FALSE
	EndGlobalSection
	GlobalSection(ExtensibilityGlobals) = postSolution
		SolutionGuid = {8496BA84-8AF7-49CF-8B2C-DDCC55932794}
	EndGlobalSection
EndGlobal
